github.com/AnatolyRugalev/goregen v0.1.0 h1:xrdXkLaskMnbxW0x4FWNj2yoednv0X2bcTBWpuJGYfE=
github.com/AnatolyRugalev/goregen v0.1.0/go.mod h1:sVlY1tjcirqLBRZnCcIq1+7/Lwmqz5g7IK8AStjOVzI=
github.com/zach-klippenstein/goregen v0.0.0-20160303162051-795b5e3961ea h1:CyhwejzVGvZ3Q2PSbQ4NRRYn+ZWv5eS1vlaEusT+bAI=
github.com/zach-klippenstein/goregen v0.0.0-20160303162051-795b5e3961ea/go.mod h1:eNr558nEUjP8acGw8FFjTeWvSgU1stO7FAO6eknhHe4=
